
Microsoft Visual Studio Solution File, Format Version 12.00
# Visual Studio Version 16
VisualStudioVersion = 16.0.30907.101
MinimumVisualStudioVersion = 10.0.40219.1
Project("{FAE04EC0-301F-11D3-BF4B-00C04F79EFBC}") = "Lab5", "Lab5\Lab5.csproj", "{1AE25D25-8DEC-4760-B43C-386494D24C01}"
EndProject
Global
	GlobalSection(SolutionConfigurationPlatforms) = preSolution
		Debug|Any CPU = Debug|Any CPU
		Release|Any CPU = Release|Any CPU
	EndGlobalSection
	GlobalSection(ProjectConfigurationPlatforms) = postSolution
		{1AE25D25-8DEC-4760-B43C-386494D24C01}.Debug|Any CPU.ActiveCfg = Debug|Any CPU
		{1AE25D25-8DEC-4760-B43C-386494D24C01}.Debug|Any CPU.Build.0 = Debug|Any CPU
		{1AE25D25-8DEC-4760-B43C-386494D24C01}.Release|Any CPU.ActiveCfg = Release|Any CPU
		{1AE25D25-8DEC-4760-B43C-386494D24C01}.Release|Any CPU.Build.0 = Release|Any CPU
	EndGlobalSection
	GlobalSection(SolutionProperties) = preSolution
		HideSolutionNode = FALSE
	EndGlobalSection
	GlobalSection(ExtensibilityGlobals) = postSolution
		SolutionGuid = {275B7A68-135C-4BBA-A539-FE485F794D7D}
	EndGlobalSection
EndGlobal
